{
  "name": "quantumswap-examples",
  "version": "0.0.1",
  "lockfileVersion": 3,
  "requires": true,
  "packages": {
    "": {
      "name": "quantumswap-examples",
      "version": "0.0.1",
      "dependencies": {
        "quantumcoin": "7.0.3",
        "quantumswap": "file:.."
      }
    },
    "..": {
      "name": "quantumswap",
      "version": "0.0.2",
      "license": "MIT",
      "dependencies": {
        "quantum-coin-js-sdk": "^1.0.28",
        "quantum-coin-pqc-js-sdk": "^1.0.5",
        "quantumcoin": "^7.0.3",
        "seed-words": "^1.0.2"
      },
      "devDependencies": {
        "ts-node": "^10.9.2",
        "typescript": "^5.0.0"
      }
    },
    "node_modules/quantum-coin-js-sdk": {
      "version": "1.0.28",
      "resolved": "https://registry.npmjs.org/quantum-coin-js-sdk/-/quantum-coin-js-sdk-1.0.28.tgz",
      "integrity": "sha512-ok3kCoEecSWRLsFw285IDzz8Xvtc772BvBujeCasQ7G2f+Jwly6UFtjivyrh0gDPuZFwYU/hbaKvpb8OtkuM/Q==",
      "license": "MIT",
      "dependencies": {
        "quantum-coin-pqc-js-sdk": "1.0.5",
        "seed-words": "1.0.2"
      }
    },
    "node_modules/quantum-coin-pqc-js-sdk": {
      "version": "1.0.5",
      "resolved": "https://registry.npmjs.org/quantum-coin-pqc-js-sdk/-/quantum-coin-pqc-js-sdk-1.0.5.tgz",
      "integrity": "sha512-9P1YDkca5CqrO7++TnGJZzPvYlBjYARopHgxYbDcEHgPicP7+tA8zD+DE1BooHp7sLEWF9ObklMj6AdaDUjDVw==",
      "license": "MIT"
    },
    "node_modules/quantumcoin": {
      "version": "7.0.3",
      "resolved": "https://registry.npmjs.org/quantumcoin/-/quantumcoin-7.0.3.tgz",
      "integrity": "sha512-czclUCSuLicRIzJSL8KoRg7eB+pC0oi+9iTsaUghkEY8OIsiuY6aOTXzCJBmgyHkqAdaM7W4++dE1KKl5EVOTw==",
      "license": "MIT",
      "dependencies": {
        "quantum-coin-js-sdk": "^1.0.28",
        "quantum-coin-pqc-js-sdk": "^1.0.5",
        "seed-words": "^1.0.2"
      },
      "bin": {
        "sdkgen": "generate-sdk.js"
      }
    },
    "node_modules/quantumswap": {
      "resolved": "..",
      "link": true
    },
    "node_modules/seed-words": {
      "version": "1.0.2",
      "resolved": "https://registry.npmjs.org/seed-words/-/seed-words-1.0.2.tgz",
      "integrity": "sha512-ia58deuPjcR8DpJ8uIgZ7gqDnIWD8vnjb4jX/sEsIDcuQaH/AJj9J8L3DXkUHfUGqAq9Y6pVMuG90t3XUJH90g==",
      "license": "MIT"
    }
  }
}
