{
  "name": "quantumswap-examples",
  "version": "0.0.1",
  "lockfileVersion": 3,
  "requires": true,
  "packages": {
    "": {
      "name": "quantumswap-examples",
      "version": "0.0.1",
      "dependencies": {
        "quantumcoin": "7.0.15",
        "quantumswap": "file:.."
      }
    },
    "..": {
      "name": "quantumswap",
      "version": "0.0.9",
      "license": "MIT",
      "devDependencies": {
        "ts-node": "^10.9.2",
        "typescript": "^5.0.0"
      },
      "peerDependencies": {
        "quantumcoin": "^7.0.15"
      }
    },
    "node_modules/quantum-coin-js-sdk": {
      "version": "1.0.37",
      "resolved": "https://registry.npmjs.org/quantum-coin-js-sdk/-/quantum-coin-js-sdk-1.0.37.tgz",
      "integrity": "sha512-/ADjDgXsjRjGFBA6btrbsAfVxnm+L2WnIXeLsIC2xtCkQZb8ru84cAA7FEPEgpiZbyU200bvatWtyb4VDP/DVw==",
      "license": "MIT",
      "dependencies": {
        "seed-words": "1.0.2"
      }
    },
    "node_modules/quantumcoin": {
      "version": "7.0.15",
      "resolved": "https://registry.npmjs.org/quantumcoin/-/quantumcoin-7.0.15.tgz",
      "integrity": "sha512-5O1NcocIg/eVlKQM/Lt2wQpy4+udx6O8A5rPHIUiLtPpLWbUCjGecznNvaIkqbRZHk+4jEnoTwLeBYlCc5bj9g==",
      "license": "MIT",
      "dependencies": {
        "quantum-coin-js-sdk": "1.0.37",
        "seed-words": "^1.0.2"
      },
      "bin": {
        "sdkgen": "generate-sdk.js"
      }
    },
    "node_modules/quantumswap": {
      "resolved": "..",
      "link": true
    },
    "node_modules/seed-words": {
      "version": "1.0.2",
      "resolved": "https://registry.npmjs.org/seed-words/-/seed-words-1.0.2.tgz",
      "integrity": "sha512-ia58deuPjcR8DpJ8uIgZ7gqDnIWD8vnjb4jX/sEsIDcuQaH/AJj9J8L3DXkUHfUGqAq9Y6pVMuG90t3XUJH90g==",
      "license": "MIT"
    }
  }
}
