{
  "name": "quantumswap-examples",
  "version": "0.0.1",
  "lockfileVersion": 3,
  "requires": true,
  "packages": {
    "": {
      "name": "quantumswap-examples",
      "version": "0.0.1",
      "dependencies": {
        "quantumcoin": "7.0.12",
        "quantumswap": "file:.."
      }
    },
    "..": {
      "name": "quantumswap",
      "version": "0.0.7",
      "license": "MIT",
      "devDependencies": {
        "ts-node": "^10.9.2",
        "typescript": "^5.0.0"
      },
      "peerDependencies": {
        "quantumcoin": "^7.0.12"
      }
    },
    "node_modules/quantum-coin-js-sdk": {
      "version": "1.0.35",
      "resolved": "https://registry.npmjs.org/quantum-coin-js-sdk/-/quantum-coin-js-sdk-1.0.35.tgz",
      "integrity": "sha512-hJWYxPT5x+us/61hciuW5Ky9b0cRVStBRpKniFiz/usQJkM/Pw/8dNlgdBLU2H8ZvSuBp930Y+eRp9dpYRcYNA==",
      "license": "MIT",
      "dependencies": {
        "seed-words": "1.0.2"
      }
    },
    "node_modules/quantumcoin": {
      "version": "7.0.12",
      "resolved": "https://registry.npmjs.org/quantumcoin/-/quantumcoin-7.0.12.tgz",
      "integrity": "sha512-DEjmCv8z8HQpp/ohSHn98swMGz63vZZ7mXXOKAQXrOy83siOg9o5/Q0QmO2+BTUtsoxhHH5pxLTyfn0kvwYtFg==",
      "license": "MIT",
      "dependencies": {
        "quantum-coin-js-sdk": "1.0.35",
        "seed-words": "^1.0.2"
      },
      "bin": {
        "sdkgen": "generate-sdk.js"
      }
    },
    "node_modules/quantumswap": {
      "resolved": "..",
      "link": true
    },
    "node_modules/seed-words": {
      "version": "1.0.2",
      "resolved": "https://registry.npmjs.org/seed-words/-/seed-words-1.0.2.tgz",
      "integrity": "sha512-ia58deuPjcR8DpJ8uIgZ7gqDnIWD8vnjb4jX/sEsIDcuQaH/AJj9J8L3DXkUHfUGqAq9Y6pVMuG90t3XUJH90g==",
      "license": "MIT"
    }
  }
}
